
Microsoft Visual Studio Solution File, Format Version 12.00
# Visual Studio 15
VisualStudioVersion = 15.0.27428.2002
MinimumVisualStudioVersion = 10.0.40219.1
Project("{FAE04EC0-301F-11D3-BF4B-00C04F79EFBC}") = "Datalayer", "Datalayer\Datalayer.csproj", "{1D93F65E-0B00-499F-9804-3C3FB42C938E}"
EndProject
Project("{FAE04EC0-301F-11D3-BF4B-00C04F79EFBC}") = "ConsoleClient", "ConsoleClient\ConsoleClient.csproj", "{FA684C86-00C1-4C75-943C-1A08AE03F240}"
EndProject
Project("{FAE04EC0-301F-11D3-BF4B-00C04F79EFBC}") = "MVCRepository", "MVCRepository\MVCRepository.csproj", "{C6213820-0FCE-4542-87F3-141C43BFB601}"
EndProject
Global
	GlobalSection(SolutionConfigurationPlatforms) = preSolution
		Debug|Any CPU = Debug|Any CPU
		Release|Any CPU = Release|Any CPU
	EndGlobalSection
	GlobalSection(ProjectConfigurationPlatforms) = postSolution
		{1D93F65E-0B00-499F-9804-3C3FB42C938E}.Debug|Any CPU.ActiveCfg = Debug|Any CPU
		{1D93F65E-0B00-499F-9804-3C3FB42C938E}.Debug|Any CPU.Build.0 = Debug|Any CPU
		{1D93F65E-0B00-499F-9804-3C3FB42C938E}.Release|Any CPU.ActiveCfg = Release|Any CPU
		{1D93F65E-0B00-499F-9804-3C3FB42C938E}.Release|Any CPU.Build.0 = Release|Any CPU
		{FA684C86-00C1-4C75-943C-1A08AE03F240}.Debug|Any CPU.ActiveCfg = Debug|Any CPU
		{FA684C86-00C1-4C75-943C-1A08AE03F240}.Debug|Any CPU.Build.0 = Debug|Any CPU
		{FA684C86-00C1-4C75-943C-1A08AE03F240}.Release|Any CPU.ActiveCfg = Release|Any CPU
		{FA684C86-00C1-4C75-943C-1A08AE03F240}.Release|Any CPU.Build.0 = Release|Any CPU
		{C6213820-0FCE-4542-87F3-141C43BFB601}.Debug|Any CPU.ActiveCfg = Debug|Any CPU
		{C6213820-0FCE-4542-87F3-141C43BFB601}.Debug|Any CPU.Build.0 = Debug|Any CPU
		{C6213820-0FCE-4542-87F3-141C43BFB601}.Release|Any CPU.ActiveCfg = Release|Any CPU
		{C6213820-0FCE-4542-87F3-141C43BFB601}.Release|Any CPU.Build.0 = Release|Any CPU
	EndGlobalSection
	GlobalSection(SolutionProperties) = preSolution
		HideSolutionNode = FALSE
	EndGlobalSection
	GlobalSection(ExtensibilityGlobals) = postSolution
		SolutionGuid = {F54A403C-1CA4-4052-A3D2-4DA6C97E989B}
	EndGlobalSection
EndGlobal
